
Microsoft Visual Studio Solution File, Format Version 12.00
# Visual Studio 15
VisualStudioVersion = 15.0.27004.2008
MinimumVisualStudioVersion = 10.0.40219.1
Project("{FAE04EC0-301F-11D3-BF4B-00C04F79EFBC}") = "ConsoleApp1", "Indexers (C SHARP Programming Guide)\ConsoleApp1.csproj", "{A9628B6D-96E9-4BFD-8C4B-5D39668A545C}"
EndProject
Project("{FAE04EC0-301F-11D3-BF4B-00C04F79EFBC}") = "ConsoleApp2", "ConsoleApp1\ConsoleApp2.csproj", "{20BE5642-571E-4CE1-8428-538953971826}"
EndProject
Project("{FAE04EC0-301F-11D3-BF4B-00C04F79EFBC}") = "ConsoleApp3", "ConsoleApp3\ConsoleApp3.csproj", "{8C4C0962-A592-40FD-A735-1D255C6647A0}"
EndProject
Project("{2150E333-8FDC-42A3-9474-1A3956D46DE8}") = "Solution Items", "Solution Items", "{DA86886F-7EBC-484B-B849-16DBEDEE9015}"
	ProjectSection(SolutionItems) = preProject
		indexer.png = indexer.png
		Readme.md = Readme.md
		Syntax.png = Syntax.png
	EndProjectSection
EndProject
Project("{FAE04EC0-301F-11D3-BF4B-00C04F79EFBC}") = "ConsoleApp4", "ConsoleApp4\ConsoleApp4.csproj", "{8E66C1A3-FA28-4B4E-9BD9-CB6C4E069454}"
EndProject
Project("{FAE04EC0-301F-11D3-BF4B-00C04F79EFBC}") = "ConsoleApp5", "ConsoleApp5\ConsoleApp5.csproj", "{E716D763-07F2-477A-A285-179874E44B77}"
EndProject
Global
	GlobalSection(SolutionConfigurationPlatforms) = preSolution
		Debug|Any CPU = Debug|Any CPU
		Release|Any CPU = Release|Any CPU
	EndGlobalSection
	GlobalSection(ProjectConfigurationPlatforms) = postSolution
		{A9628B6D-96E9-4BFD-8C4B-5D39668A545C}.Debug|Any CPU.ActiveCfg = Debug|Any CPU
		{A9628B6D-96E9-4BFD-8C4B-5D39668A545C}.Debug|Any CPU.Build.0 = Debug|Any CPU
		{A9628B6D-96E9-4BFD-8C4B-5D39668A545C}.Release|Any CPU.ActiveCfg = Release|Any CPU
		{A9628B6D-96E9-4BFD-8C4B-5D39668A545C}.Release|Any CPU.Build.0 = Release|Any CPU
		{20BE5642-571E-4CE1-8428-538953971826}.Debug|Any CPU.ActiveCfg = Debug|Any CPU
		{20BE5642-571E-4CE1-8428-538953971826}.Debug|Any CPU.Build.0 = Debug|Any CPU
		{20BE5642-571E-4CE1-8428-538953971826}.Release|Any CPU.ActiveCfg = Release|Any CPU
		{20BE5642-571E-4CE1-8428-538953971826}.Release|Any CPU.Build.0 = Release|Any CPU
		{8C4C0962-A592-40FD-A735-1D255C6647A0}.Debug|Any CPU.ActiveCfg = Debug|Any CPU
		{8C4C0962-A592-40FD-A735-1D255C6647A0}.Debug|Any CPU.Build.0 = Debug|Any CPU
		{8C4C0962-A592-40FD-A735-1D255C6647A0}.Release|Any CPU.ActiveCfg = Release|Any CPU
		{8C4C0962-A592-40FD-A735-1D255C6647A0}.Release|Any CPU.Build.0 = Release|Any CPU
		{8E66C1A3-FA28-4B4E-9BD9-CB6C4E069454}.Debug|Any CPU.ActiveCfg = Debug|Any CPU
		{8E66C1A3-FA28-4B4E-9BD9-CB6C4E069454}.Debug|Any CPU.Build.0 = Debug|Any CPU
		{8E66C1A3-FA28-4B4E-9BD9-CB6C4E069454}.Release|Any CPU.ActiveCfg = Release|Any CPU
		{8E66C1A3-FA28-4B4E-9BD9-CB6C4E069454}.Release|Any CPU.Build.0 = Release|Any CPU
		{E716D763-07F2-477A-A285-179874E44B77}.Debug|Any CPU.ActiveCfg = Debug|Any CPU
		{E716D763-07F2-477A-A285-179874E44B77}.Debug|Any CPU.Build.0 = Debug|Any CPU
		{E716D763-07F2-477A-A285-179874E44B77}.Release|Any CPU.ActiveCfg = Release|Any CPU
		{E716D763-07F2-477A-A285-179874E44B77}.Release|Any CPU.Build.0 = Release|Any CPU
	EndGlobalSection
	GlobalSection(SolutionProperties) = preSolution
		HideSolutionNode = FALSE
	EndGlobalSection
	GlobalSection(ExtensibilityGlobals) = postSolution
		SolutionGuid = {C0ACA1A3-D9AF-49B5-B364-86EBCB18CB3F}
	EndGlobalSection
EndGlobal
